{
  "nodes": {
    "nixpkgs": {
      "locked": {
        "lastModified": 1770617025,
        "narHash": "sha256-1jZvgZoAagZZB6NwGRv2T2ezPy+X6EFDsJm+YSlsvEs=",
        "ref": "nixos-25.11",
        "rev": "2db38e08fdadcc0ce3232f7279bab59a15b94482",
        "shallow": true,
        "type": "git",
        "url": "https://mirrors.tuna.tsinghua.edu.cn/git/nixpkgs.git"
      },
      "original": {
        "ref": "nixos-25.11",
        "shallow": true,
        "type": "git",
        "url": "https://mirrors.tuna.tsinghua.edu.cn/git/nixpkgs.git"
      }
    },
    "root": {
      "inputs": {
        "nixpkgs": "nixpkgs"
      }
    }
  },
  "root": "root",
  "version": 7
}
